
Microsoft Visual Studio Solution File, Format Version 12.00
# Visual Studio Version 16
VisualStudioVersion = 16.0.31112.23
MinimumVisualStudioVersion = 10.0.40219.1
Project("{8BC9CEB8-8B4A-11D0-8D11-00A0C91BC942}") = "InterProcessFunctionCopying", "InterprocessMethodCloning\InterprocessMethodCloning.vcxproj", "{C7A0003B-98DC-4D57-8F09-5B90AAEFBDF4}"
EndProject
Project("{8BC9CEB8-8B4A-11D0-8D11-00A0C91BC942}") = "InterProcessSectionCopying", "InterProcessSectionCopying\InterprocessSectionCopying.vcxproj", "{17A0003B-18DC-1157-1F09-1B90AAEFBDF4}"
EndProject
Project("{8BC9CEB8-8B4A-11D0-8D11-00A0C91BC942}") = "HookDetector", "HookFinder\HookFinder.vcxproj", "{C7A1233B-98DC-4D57-8F09-5B90AAEFBDF4}"
EndProject
Project("{8BC9CEB8-8B4A-11D0-8D11-00A0C91BC942}") = "PaLoInj", "PaLoInj\PaLoInj.vcxproj", "{2F83EC28-30EA-4FF5-843B-EE474D66B935}"
EndProject
Project("{8BC9CEB8-8B4A-11D0-8D11-00A0C91BC942}") = "PaLoCF", "PaLoCF\PaLoCF.vcxproj", "{594AD1A0-2692-4C42-BC7B-B1799E500CC6}"
EndProject
Project("{8BC9CEB8-8B4A-11D0-8D11-00A0C91BC942}") = "PaLoIns", "PaLoIns\PaLoIns.vcxproj", "{5785080C-1A0F-4C44-A7CD-B65504B3A62A}"
EndProject
Project("{8BC9CEB8-8B4A-11D0-8D11-00A0C91BC942}") = "PerunsFart", "PerunsFart\PerunsFart.vcxproj", "{DBF7FEB0-F95D-41BE-8ECB-6CACA1BE2991}"
EndProject
Global
	GlobalSection(SolutionConfigurationPlatforms) = preSolution
		Debug|x64 = Debug|x64
		Debug|x86 = Debug|x86
		Release|x64 = Release|x64
		Release|x86 = Release|x86
	EndGlobalSection
	GlobalSection(ProjectConfigurationPlatforms) = postSolution
		{C7A0003B-98DC-4D57-8F09-5B90AAEFBDF4}.Debug|x64.ActiveCfg = Debug|x64
		{C7A0003B-98DC-4D57-8F09-5B90AAEFBDF4}.Debug|x64.Build.0 = Debug|x64
		{C7A0003B-98DC-4D57-8F09-5B90AAEFBDF4}.Debug|x86.ActiveCfg = Debug|Win32
		{C7A0003B-98DC-4D57-8F09-5B90AAEFBDF4}.Debug|x86.Build.0 = Debug|Win32
		{C7A0003B-98DC-4D57-8F09-5B90AAEFBDF4}.Release|x64.ActiveCfg = Release|x64
		{C7A0003B-98DC-4D57-8F09-5B90AAEFBDF4}.Release|x64.Build.0 = Release|x64
		{C7A0003B-98DC-4D57-8F09-5B90AAEFBDF4}.Release|x86.ActiveCfg = Release|Win32
		{C7A0003B-98DC-4D57-8F09-5B90AAEFBDF4}.Release|x86.Build.0 = Release|Win32
		{17A0003B-18DC-1157-1F09-1B90AAEFBDF4}.Debug|x64.ActiveCfg = Debug|x64
		{17A0003B-18DC-1157-1F09-1B90AAEFBDF4}.Debug|x64.Build.0 = Debug|x64
		{17A0003B-18DC-1157-1F09-1B90AAEFBDF4}.Debug|x86.ActiveCfg = Debug|Win32
		{17A0003B-18DC-1157-1F09-1B90AAEFBDF4}.Debug|x86.Build.0 = Debug|Win32
		{17A0003B-18DC-1157-1F09-1B90AAEFBDF4}.Release|x64.ActiveCfg = Release|x64
		{17A0003B-18DC-1157-1F09-1B90AAEFBDF4}.Release|x64.Build.0 = Release|x64
		{17A0003B-18DC-1157-1F09-1B90AAEFBDF4}.Release|x86.ActiveCfg = Release|Win32
		{17A0003B-18DC-1157-1F09-1B90AAEFBDF4}.Release|x86.Build.0 = Release|Win32
		{C7A1233B-98DC-4D57-8F09-5B90AAEFBDF4}.Debug|x64.ActiveCfg = Debug|x64
		{C7A1233B-98DC-4D57-8F09-5B90AAEFBDF4}.Debug|x64.Build.0 = Debug|x64
		{C7A1233B-98DC-4D57-8F09-5B90AAEFBDF4}.Debug|x86.ActiveCfg = Debug|Win32
		{C7A1233B-98DC-4D57-8F09-5B90AAEFBDF4}.Debug|x86.Build.0 = Debug|Win32
		{C7A1233B-98DC-4D57-8F09-5B90AAEFBDF4}.Release|x64.ActiveCfg = Release|x64
		{C7A1233B-98DC-4D57-8F09-5B90AAEFBDF4}.Release|x64.Build.0 = Release|x64
		{C7A1233B-98DC-4D57-8F09-5B90AAEFBDF4}.Release|x86.ActiveCfg = Release|Win32
		{C7A1233B-98DC-4D57-8F09-5B90AAEFBDF4}.Release|x86.Build.0 = Release|Win32
		{2F83EC28-30EA-4FF5-843B-EE474D66B935}.Debug|x64.ActiveCfg = Debug|x64
		{2F83EC28-30EA-4FF5-843B-EE474D66B935}.Debug|x64.Build.0 = Debug|x64
		{2F83EC28-30EA-4FF5-843B-EE474D66B935}.Debug|x86.ActiveCfg = Debug|Win32
		{2F83EC28-30EA-4FF5-843B-EE474D66B935}.Debug|x86.Build.0 = Debug|Win32
		{2F83EC28-30EA-4FF5-843B-EE474D66B935}.Release|x64.ActiveCfg = Release|x64
		{2F83EC28-30EA-4FF5-843B-EE474D66B935}.Release|x64.Build.0 = Release|x64
		{2F83EC28-30EA-4FF5-843B-EE474D66B935}.Release|x86.ActiveCfg = Release|Win32
		{2F83EC28-30EA-4FF5-843B-EE474D66B935}.Release|x86.Build.0 = Release|Win32
		{594AD1A0-2692-4C42-BC7B-B1799E500CC6}.Debug|x64.ActiveCfg = Debug|x64
		{594AD1A0-2692-4C42-BC7B-B1799E500CC6}.Debug|x64.Build.0 = Debug|x64
		{594AD1A0-2692-4C42-BC7B-B1799E500CC6}.Debug|x86.ActiveCfg = Debug|Win32
		{594AD1A0-2692-4C42-BC7B-B1799E500CC6}.Debug|x86.Build.0 = Debug|Win32
		{594AD1A0-2692-4C42-BC7B-B1799E500CC6}.Release|x64.ActiveCfg = Release|x64
		{594AD1A0-2692-4C42-BC7B-B1799E500CC6}.Release|x64.Build.0 = Release|x64
		{594AD1A0-2692-4C42-BC7B-B1799E500CC6}.Release|x86.ActiveCfg = Release|Win32
		{594AD1A0-2692-4C42-BC7B-B1799E500CC6}.Release|x86.Build.0 = Release|Win32
		{5785080C-1A0F-4C44-A7CD-B65504B3A62A}.Debug|x64.ActiveCfg = Debug|x64
		{5785080C-1A0F-4C44-A7CD-B65504B3A62A}.Debug|x64.Build.0 = Debug|x64
		{5785080C-1A0F-4C44-A7CD-B65504B3A62A}.Debug|x86.ActiveCfg = Debug|Win32
		{5785080C-1A0F-4C44-A7CD-B65504B3A62A}.Debug|x86.Build.0 = Debug|Win32
		{5785080C-1A0F-4C44-A7CD-B65504B3A62A}.Release|x64.ActiveCfg = Release|x64
		{5785080C-1A0F-4C44-A7CD-B65504B3A62A}.Release|x64.Build.0 = Release|x64
		{5785080C-1A0F-4C44-A7CD-B65504B3A62A}.Release|x86.ActiveCfg = Release|Win32
		{5785080C-1A0F-4C44-A7CD-B65504B3A62A}.Release|x86.Build.0 = Release|Win32
		{DBF7FEB0-F95D-41BE-8ECB-6CACA1BE2991}.Debug|x64.ActiveCfg = Debug|x64
		{DBF7FEB0-F95D-41BE-8ECB-6CACA1BE2991}.Debug|x64.Build.0 = Debug|x64
		{DBF7FEB0-F95D-41BE-8ECB-6CACA1BE2991}.Debug|x86.ActiveCfg = Debug|Win32
		{DBF7FEB0-F95D-41BE-8ECB-6CACA1BE2991}.Debug|x86.Build.0 = Debug|Win32
		{DBF7FEB0-F95D-41BE-8ECB-6CACA1BE2991}.Release|x64.ActiveCfg = Release|x64
		{DBF7FEB0-F95D-41BE-8ECB-6CACA1BE2991}.Release|x64.Build.0 = Release|x64
		{DBF7FEB0-F95D-41BE-8ECB-6CACA1BE2991}.Release|x86.ActiveCfg = Release|Win32
		{DBF7FEB0-F95D-41BE-8ECB-6CACA1BE2991}.Release|x86.Build.0 = Release|Win32
	EndGlobalSection
	GlobalSection(SolutionProperties) = preSolution
		HideSolutionNode = FALSE
	EndGlobalSection
	GlobalSection(ExtensibilityGlobals) = postSolution
		SolutionGuid = {1A48B0F9-A928-4BAA-8F59-8DA36F6AB26F}
	EndGlobalSection
EndGlobal
